// !$*UTF8*$!
{
	archiveVersion = 1;
	classes = {
	};
	objectVersion = 50;
	objects = {

/* Begin PBXBuildFile section */
		6733A47120CDEDDF00890654 /* StockCollectionViewController.m in Sources */ = {isa = PBXBuildFile; fileRef = 6733A47020CDEDDF00890654 /* StockCollectionViewController.m */; };
		6733A47520CDFDCB00890654 /* StockCell.m in Sources */ = {isa = PBXBuildFile; fileRef = 6733A47420CDFDCB00890654 /* StockCell.m */; };
		6733A47F20CE2D6700890654 /* StockCollectionDataSource.m in Sources */ = {isa = PBXBuildFile; fileRef = 6733A47E20CE2D6700890654 /* StockCollectionDataSource.m */; };
		6749737020D0B3B0000EAE81 /* StockHeader.m in Sources */ = {isa = PBXBuildFile; fileRef = 6749736F20D0B3B0000EAE81 /* StockHeader.m */; };
		67E0BC0A20CDE65200C90F75 /* AppDelegate.m in Sources */ = {isa = PBXBuildFile; fileRef = 67E0BC0920CDE65200C90F75 /* AppDelegate.m */; };
		67E0BC1020CDE65200C90F75 /* Main.storyboard in Resources */ = {isa = PBXBuildFile; fileRef = 67E0BC0E20CDE65200C90F75 /* Main.storyboard */; };
		67E0BC1220CDE65300C90F75 /* Assets.xcassets in Resources */ = {isa = PBXBuildFile; fileRef = 67E0BC1120CDE65300C90F75 /* Assets.xcassets */; };
		67E0BC1520CDE65300C90F75 /* LaunchScreen.storyboard in Resources */ = {isa = PBXBuildFile; fileRef = 67E0BC1320CDE65300C90F75 /* LaunchScreen.storyboard */; };
		67E0BC1820CDE65300C90F75 /* main.m in Sources */ = {isa = PBXBuildFile; fileRef = 67E0BC1720CDE65300C90F75 /* main.m */; };
		67E1AD2220D2EE57005F09BE /* NumberUtils.m in Sources */ = {isa = PBXBuildFile; fileRef = 67E1AD2120D2EE57005F09BE /* NumberUtils.m */; };
		67FFA6C520CF01EB0045DD4A /* StockData.m in Sources */ = {isa = PBXBuildFile; fileRef = 6733A47A20CE17F100890654 /* StockData.m */; };
/* End PBXBuildFile section */

/* Begin PBXFileReference section */
		6733A46F20CDEDDF00890654 /* StockCollectionViewController.h */ = {isa = PBXFileReference; lastKnownFileType = sourcecode.c.h; path = StockCollectionViewController.h; sourceTree = "<group>"; };
		6733A47020CDEDDF00890654 /* StockCollectionViewController.m */ = {isa = PBXFileReference; lastKnownFileType = sourcecode.c.objc; path = StockCollectionViewController.m; sourceTree = "<group>"; };
		6733A47320CDFDCB00890654 /* StockCell.h */ = {isa = PBXFileReference; lastKnownFileType = sourcecode.c.h; path = StockCell.h; sourceTree = "<group>"; };
		6733A47420CDFDCB00890654 /* StockCell.m */ = {isa = PBXFileReference; lastKnownFileType = sourcecode.c.objc; path = StockCell.m; sourceTree = "<group>"; };
		6733A47920CE17F100890654 /* StockData.h */ = {isa = PBXFileReference; lastKnownFileType = sourcecode.c.h; path = StockData.h; sourceTree = "<group>"; };
		6733A47A20CE17F100890654 /* StockData.m */ = {isa = PBXFileReference; lastKnownFileType = sourcecode.c.objc; path = StockData.m; sourceTree = "<group>"; };
		6733A47D20CE2D6700890654 /* StockCollectionDataSource.h */ = {isa = PBXFileReference; lastKnownFileType = sourcecode.c.h; path = StockCollectionDataSource.h; sourceTree = "<group>"; };
		6733A47E20CE2D6700890654 /* StockCollectionDataSource.m */ = {isa = PBXFileReference; lastKnownFileType = sourcecode.c.objc; path = StockCollectionDataSource.m; sourceTree = "<group>"; };
		6749736E20D0B3B0000EAE81 /* StockHeader.h */ = {isa = PBXFileReference; lastKnownFileType = sourcecode.c.h; path = StockHeader.h; sourceTree = "<group>"; };
		6749736F20D0B3B0000EAE81 /* StockHeader.m */ = {isa = PBXFileReference; lastKnownFileType = sourcecode.c.objc; path = StockHeader.m; sourceTree = "<group>"; };
		67E0BC0520CDE65200C90F75 /* stockspotter.app */ = {isa = PBXFileReference; explicitFileType = wrapper.application; includeInIndex = 0; path = stockspotter.app; sourceTree = BUILT_PRODUCTS_DIR; };
		67E0BC0820CDE65200C90F75 /* AppDelegate.h */ = {isa = PBXFileReference; lastKnownFileType = sourcecode.c.h; path = AppDelegate.h; sourceTree = "<group>"; };
		67E0BC0920CDE65200C90F75 /* AppDelegate.m */ = {isa = PBXFileReference; lastKnownFileType = sourcecode.c.objc; path = AppDelegate.m; sourceTree = "<group>"; };
		67E0BC0F20CDE65200C90F75 /* Base */ = {isa = PBXFileReference; lastKnownFileType = file.storyboard; name = Base; path = Base.lproj/Main.storyboard; sourceTree = "<group>"; };
		67E0BC1120CDE65300C90F75 /* Assets.xcassets */ = {isa = PBXFileReference; lastKnownFileType = folder.assetcatalog; path = Assets.xcassets; sourceTree = "<group>"; };
		67E0BC1420CDE65300C90F75 /* Base */ = {isa = PBXFileReference; lastKnownFileType = file.storyboard; name = Base; path = Base.lproj/LaunchScreen.storyboard; sourceTree = "<group>"; };
		67E0BC1620CDE65300C90F75 /* Info.plist */ = {isa = PBXFileReference; lastKnownFileType = text.plist.xml; path = Info.plist; sourceTree = "<group>"; };
		67E0BC1720CDE65300C90F75 /* main.m */ = {isa = PBXFileReference; lastKnownFileType = sourcecode.c.objc; path = main.m; sourceTree = "<group>"; };
		67E1AD2020D2EE57005F09BE /* NumberUtils.h */ = {isa = PBXFileReference; lastKnownFileType = sourcecode.c.h; path = NumberUtils.h; sourceTree = "<group>"; };
		67E1AD2120D2EE57005F09BE /* NumberUtils.m */ = {isa = PBXFileReference; lastKnownFileType = sourcecode.c.objc; path = NumberUtils.m; sourceTree = "<group>"; };
/* End PBXFileReference section */

/* Begin PBXFrameworksBuildPhase section */
		67E0BC0220CDE65200C90F75 /* Frameworks */ = {
			isa = PBXFrameworksBuildPhase;
			buildActionMask = 2147483647;
			files = (
			);
			runOnlyForDeploymentPostprocessing = 0;
		};
/* End PBXFrameworksBuildPhase section */

/* Begin PBXGroup section */
		6733A46E20CDEDAC00890654 /* StockCollectionView */ = {
			isa = PBXGroup;
			children = (
				6749736D20D0B37C000EAE81 /* StockHeader */,
				6733A47220CDFDA700890654 /* StockCell */,
				6733A47C20CE2D4700890654 /* StockCollectionDataSource */,
				6733A46F20CDEDDF00890654 /* StockCollectionViewController.h */,
				6733A47020CDEDDF00890654 /* StockCollectionViewController.m */,
			);
			path = StockCollectionView;
			sourceTree = "<group>";
		};
		6733A47220CDFDA700890654 /* StockCell */ = {
			isa = PBXGroup;
			children = (
				6733A47320CDFDCB00890654 /* StockCell.h */,
				6733A47420CDFDCB00890654 /* StockCell.m */,
			);
			path = StockCell;
			sourceTree = "<group>";
		};
		6733A47620CE172200890654 /* Model */ = {
			isa = PBXGroup;
			children = (
				6733A47920CE17F100890654 /* StockData.h */,
				6733A47A20CE17F100890654 /* StockData.m */,
			);
			path = Model;
			sourceTree = "<group>";
		};
		6733A47C20CE2D4700890654 /* StockCollectionDataSource */ = {
			isa = PBXGroup;
			children = (
				6733A47D20CE2D6700890654 /* StockCollectionDataSource.h */,
				6733A47E20CE2D6700890654 /* StockCollectionDataSource.m */,
			);
			path = StockCollectionDataSource;
			sourceTree = "<group>";
		};
		6749736D20D0B37C000EAE81 /* StockHeader */ = {
			isa = PBXGroup;
			children = (
				6749736E20D0B3B0000EAE81 /* StockHeader.h */,
				6749736F20D0B3B0000EAE81 /* StockHeader.m */,
			);
			path = StockHeader;
			sourceTree = "<group>";
		};
		6762681420D22B98000A90ED /* Utils */ = {
			isa = PBXGroup;
			children = (
				67E1AD2020D2EE57005F09BE /* NumberUtils.h */,
				67E1AD2120D2EE57005F09BE /* NumberUtils.m */,
			);
			path = Utils;
			sourceTree = "<group>";
		};
		67E0BBFC20CDE65200C90F75 = {
			isa = PBXGroup;
			children = (
				67E0BC0720CDE65200C90F75 /* stockspotter */,
				67E0BC0620CDE65200C90F75 /* Products */,
			);
			sourceTree = "<group>";
		};
		67E0BC0620CDE65200C90F75 /* Products */ = {
			isa = PBXGroup;
			children = (
				67E0BC0520CDE65200C90F75 /* stockspotter.app */,
			);
			name = Products;
			sourceTree = "<group>";
		};
		67E0BC0720CDE65200C90F75 /* stockspotter */ = {
			isa = PBXGroup;
			children = (
				6733A47620CE172200890654 /* Model */,
				6733A46E20CDEDAC00890654 /* StockCollectionView */,
				6762681420D22B98000A90ED /* Utils */,
				67E0BC0820CDE65200C90F75 /* AppDelegate.h */,
				67E0BC0920CDE65200C90F75 /* AppDelegate.m */,
				67E0BC0E20CDE65200C90F75 /* Main.storyboard */,
				67E0BC1320CDE65300C90F75 /* LaunchScreen.storyboard */,
				67E0BC1120CDE65300C90F75 /* Assets.xcassets */,
				67E0BC1620CDE65300C90F75 /* Info.plist */,
				67E0BC1720CDE65300C90F75 /* main.m */,
			);
			path = stockspotter;
			sourceTree = "<group>";
		};
/* End PBXGroup section */

/* Begin PBXNativeTarget section */
		67E0BC0420CDE65200C90F75 /* stockspotter */ = {
			isa = PBXNativeTarget;
			buildConfigurationList = 67E0BC1B20CDE65300C90F75 /* Build configuration list for PBXNativeTarget "stockspotter" */;
			buildPhases = (
				67E0BC0120CDE65200C90F75 /* Sources */,
				67E0BC0220CDE65200C90F75 /* Frameworks */,
				67E0BC0320CDE65200C90F75 /* Resources */,
			);
			buildRules = (
			);
			dependencies = (
			);
			name = stockspotter;
			productName = stockspotter;
			productReference = 67E0BC0520CDE65200C90F75 /* stockspotter.app */;
			productType = "com.apple.product-type.application";
		};
/* End PBXNativeTarget section */

/* Begin PBXProject section */
		67E0BBFD20CDE65200C90F75 /* Project object */ = {
			isa = PBXProject;
			attributes = {
				LastUpgradeCheck = 0940;
				ORGANIZATIONNAME = "Mohammed Al-Dahleh";
				TargetAttributes = {
					67E0BC0420CDE65200C90F75 = {
						CreatedOnToolsVersion = 9.4;
					};
				};
			};
			buildConfigurationList = 67E0BC0020CDE65200C90F75 /* Build configuration list for PBXProject "stockspotter" */;
			compatibilityVersion = "Xcode 9.3";
			developmentRegion = en;
			hasScannedForEncodings = 0;
			knownRegions = (
				en,
				Base,
			);
			mainGroup = 67E0BBFC20CDE65200C90F75;
			productRefGroup = 67E0BC0620CDE65200C90F75 /* Products */;
			projectDirPath = "";
			projectRoot = "";
			targets = (
				67E0BC0420CDE65200C90F75 /* stockspotter */,
			);
		};
/* End PBXProject section */

/* Begin PBXResourcesBuildPhase section */
		67E0BC0320CDE65200C90F75 /* Resources */ = {
			isa = PBXResourcesBuildPhase;
			buildActionMask = 2147483647;
			files = (
				67E0BC1520CDE65300C90F75 /* LaunchScreen.storyboard in Resources */,
				67E0BC1220CDE65300C90F75 /* Assets.xcassets in Resources */,
				67E0BC1020CDE65200C90F75 /* Main.storyboard in Resources */,
			);
			runOnlyForDeploymentPostprocessing = 0;
		};
/* End PBXResourcesBuildPhase section */

/* Begin PBXSourcesBuildPhase section */
		67E0BC0120CDE65200C90F75 /* Sources */ = {
			isa = PBXSourcesBuildPhase;
			buildActionMask = 2147483647;
			files = (
				6733A47120CDEDDF00890654 /* StockCollectionViewController.m in Sources */,
				6733A47F20CE2D6700890654 /* StockCollectionDataSource.m in Sources */,
				67E1AD2220D2EE57005F09BE /* NumberUtils.m in Sources */,
				6749737020D0B3B0000EAE81 /* StockHeader.m in Sources */,
				67FFA6C520CF01EB0045DD4A /* StockData.m in Sources */,
				67E0BC1820CDE65300C90F75 /* main.m in Sources */,
				6733A47520CDFDCB00890654 /* StockCell.m in Sources */,
				67E0BC0A20CDE65200C90F75 /* AppDelegate.m in Sources */,
			);
			runOnlyForDeploymentPostprocessing = 0;
		};
/* End PBXSourcesBuildPhase section */

/* Begin PBXVariantGroup section */
		67E0BC0E20CDE65200C90F75 /* Main.storyboard */ = {
			isa = PBXVariantGroup;
			children = (
				67E0BC0F20CDE65200C90F75 /* Base */,
			);
			name = Main.storyboard;
			sourceTree = "<group>";
		};
		67E0BC1320CDE65300C90F75 /* LaunchScreen.storyboard */ = {
			isa = PBXVariantGroup;
			children = (
				67E0BC1420CDE65300C90F75 /* Base */,
			);
			name = LaunchScreen.storyboard;
			sourceTree = "<group>";
		};
/* End PBXVariantGroup section */

/* Begin XCBuildConfiguration section */
		67E0BC1920CDE65300C90F75 /* Debug */ = {
			isa = XCBuildConfiguration;
			buildSettings = {
				ALWAYS_SEARCH_USER_PATHS = NO;
				CLANG_ANALYZER_NONNULL = YES;
				CLANG_ANALYZER_NUMBER_OBJECT_CONVERSION = YES_AGGRESSIVE;
				CLANG_CXX_LANGUAGE_STANDARD = "gnu++14";
				CLANG_CXX_LIBRARY = "libc++";
				CLANG_ENABLE_MODULES = YES;
				CLANG_ENABLE_OBJC_ARC = YES;
				CLANG_ENABLE_OBJC_WEAK = YES;
				CLANG_WARN_BLOCK_CAPTURE_AUTORELEASING = YES;
				CLANG_WARN_BOOL_CONVERSION = YES;
				CLANG_WARN_COMMA = YES;
				CLANG_WARN_CONSTANT_CONVERSION = YES;
				CLANG_WARN_DEPRECATED_OBJC_IMPLEMENTATIONS = YES;
				CLANG_WARN_DIRECT_OBJC_ISA_USAGE = YES_ERROR;
				CLANG_WARN_DOCUMENTATION_COMMENTS = YES;
				CLANG_WARN_EMPTY_BODY = YES;
				CLANG_WARN_ENUM_CONVERSION = YES;
				CLANG_WARN_INFINITE_RECURSION = YES;
				CLANG_WARN_INT_CONVERSION = YES;
				CLANG_WARN_NON_LITERAL_NULL_CONVERSION = YES;
				CLANG_WARN_OBJC_IMPLICIT_RETAIN_SELF = YES;
				CLANG_WARN_OBJC_LITERAL_CONVERSION = YES;
				CLANG_WARN_OBJC_ROOT_CLASS = YES_ERROR;
				CLANG_WARN_RANGE_LOOP_ANALYSIS = YES;
				CLANG_WARN_STRICT_PROTOTYPES = YES;
				CLANG_WARN_SUSPICIOUS_MOVE = YES;
				CLANG_WARN_UNGUARDED_AVAILABILITY = YES_AGGRESSIVE;
				CLANG_WARN_UNREACHABLE_CODE = YES;
				CLANG_WARN__DUPLICATE_METHOD_MATCH = YES;
				CODE_SIGN_IDENTITY = "iPhone Developer";
				COPY_PHASE_STRIP = NO;
				DEBUG_INFORMATION_FORMAT = dwarf;
				ENABLE_STRICT_OBJC_MSGSEND = YES;
				ENABLE_TESTABILITY = YES;
				GCC_C_LANGUAGE_STANDARD = gnu11;
				GCC_DYNAMIC_NO_PIC = NO;
				GCC_NO_COMMON_BLOCKS = YES;
				GCC_OPTIMIZATION_LEVEL = 0;
				GCC_PREPROCESSOR_DEFINITIONS = (
					"DEBUG=1",
					"$(inherited)",
				);
				GCC_WARN_64_TO_32_BIT_CONVERSION = YES;
				GCC_WARN_ABOUT_RETURN_TYPE = YES_ERROR;
				GCC_WARN_UNDECLARED_SELECTOR = YES;
				GCC_WARN_UNINITIALIZED_AUTOS = YES_AGGRESSIVE;
				GCC_WARN_UNUSED_FUNCTION = YES;
				GCC_WARN_UNUSED_VARIABLE = YES;
				IPHONEOS_DEPLOYMENT_TARGET = 11.4;
				MTL_ENABLE_DEBUG_INFO = YES;
				ONLY_ACTIVE_ARCH = YES;
				SDKROOT = iphoneos;
			};
			name = Debug;
		};
		67E0BC1A20CDE65300C90F75 /* Release */ = {
			isa = XCBuildConfiguration;
			buildSettings = {
				ALWAYS_SEARCH_USER_PATHS = NO;
				CLANG_ANALYZER_NONNULL = YES;
				CLANG_ANALYZER_NUMBER_OBJECT_CONVERSION = YES_AGGRESSIVE;
				CLANG_CXX_LANGUAGE_STANDARD = "gnu++14";
				CLANG_CXX_LIBRARY = "libc++";
				CLANG_ENABLE_MODULES = YES;
				CLANG_ENABLE_OBJC_ARC = YES;
				CLANG_ENABLE_OBJC_WEAK = YES;
				CLANG_WARN_BLOCK_CAPTURE_AUTORELEASING = YES;
				CLANG_WARN_BOOL_CONVERSION = YES;
				CLANG_WARN_COMMA = YES;
				CLANG_WARN_CONSTANT_CONVERSION = YES;
				CLANG_WARN_DEPRECATED_OBJC_IMPLEMENTATIONS = YES;
				CLANG_WARN_DIRECT_OBJC_ISA_USAGE = YES_ERROR;
				CLANG_WARN_DOCUMENTATION_COMMENTS = YES;
				CLANG_WARN_EMPTY_BODY = YES;
				CLANG_WARN_ENUM_CONVERSION = YES;
				CLANG_WARN_INFINITE_RECURSION = YES;
				CLANG_WARN_INT_CONVERSION = YES;
				CLANG_WARN_NON_LITERAL_NULL_CONVERSION = YES;
				CLANG_WARN_OBJC_IMPLICIT_RETAIN_SELF = YES;
				CLANG_WARN_OBJC_LITERAL_CONVERSION = YES;
				CLANG_WARN_OBJC_ROOT_CLASS = YES_ERROR;
				CLANG_WARN_RANGE_LOOP_ANALYSIS = YES;
				CLANG_WARN_STRICT_PROTOTYPES = YES;
				CLANG_WARN_SUSPICIOUS_MOVE = YES;
				CLANG_WARN_UNGUARDED_AVAILABILITY = YES_AGGRESSIVE;
				CLANG_WARN_UNREACHABLE_CODE = YES;
				CLANG_WARN__DUPLICATE_METHOD_MATCH = YES;
				CODE_SIGN_IDENTITY = "iPhone Developer";
				COPY_PHASE_STRIP = NO;
				DEBUG_INFORMATION_FORMAT = "dwarf-with-dsym";
				ENABLE_NS_ASSERTIONS = NO;
				ENABLE_STRICT_OBJC_MSGSEND = YES;
				GCC_C_LANGUAGE_STANDARD = gnu11;
				GCC_NO_COMMON_BLOCKS = YES;
				GCC_WARN_64_TO_32_BIT_CONVERSION = YES;
				GCC_WARN_ABOUT_RETURN_TYPE = YES_ERROR;
				GCC_WARN_UNDECLARED_SELECTOR = YES;
				GCC_WARN_UNINITIALIZED_AUTOS = YES_AGGRESSIVE;
				GCC_WARN_UNUSED_FUNCTION = YES;
				GCC_WARN_UNUSED_VARIABLE = YES;
				IPHONEOS_DEPLOYMENT_TARGET = 11.4;
				MTL_ENABLE_DEBUG_INFO = NO;
				SDKROOT = iphoneos;
				VALIDATE_PRODUCT = YES;
			};
			name = Release;
		};
		67E0BC1C20CDE65300C90F75 /* Debug */ = {
			isa = XCBuildConfiguration;
			buildSettings = {
				ASSETCATALOG_COMPILER_APPICON_NAME = AppIcon;
				CODE_SIGN_STYLE = Automatic;
				DEVELOPMENT_TEAM = 9949C3GLL4;
				INFOPLIST_FILE = stockspotter/Info.plist;
				LD_RUNPATH_SEARCH_PATHS = (
					"$(inherited)",
					"@executable_path/Frameworks",
				);
				PRODUCT_BUNDLE_IDENTIFIER = com.maldahleh.stockspotter;
				PRODUCT_NAME = "$(TARGET_NAME)";
				TARGETED_DEVICE_FAMILY = "1,2";
			};
			name = Debug;
		};
		67E0BC1D20CDE65300C90F75 /* Release */ = {
			isa = XCBuildConfiguration;
			buildSettings = {
				ASSETCATALOG_COMPILER_APPICON_NAME = AppIcon;
				CODE_SIGN_STYLE = Automatic;
				DEVELOPMENT_TEAM = 9949C3GLL4;
				INFOPLIST_FILE = stockspotter/Info.plist;
				LD_RUNPATH_SEARCH_PATHS = (
					"$(inherited)",
					"@executable_path/Frameworks",
				);
				PRODUCT_BUNDLE_IDENTIFIER = com.maldahleh.stockspotter;
				PRODUCT_NAME = "$(TARGET_NAME)";
				TARGETED_DEVICE_FAMILY = "1,2";
			};
			name = Release;
		};
/* End XCBuildConfiguration section */

/* Begin XCConfigurationList section */
		67E0BC0020CDE65200C90F75 /* Build configuration list for PBXProject "stockspotter" */ = {
			isa = XCConfigurationList;
			buildConfigurations = (
				67E0BC1920CDE65300C90F75 /* Debug */,
				67E0BC1A20CDE65300C90F75 /* Release */,
			);
			defaultConfigurationIsVisible = 0;
			defaultConfigurationName = Release;
		};
		67E0BC1B20CDE65300C90F75 /* Build configuration list for PBXNativeTarget "stockspotter" */ = {
			isa = XCConfigurationList;
			buildConfigurations = (
				67E0BC1C20CDE65300C90F75 /* Debug */,
				67E0BC1D20CDE65300C90F75 /* Release */,
			);
			defaultConfigurationIsVisible = 0;
			defaultConfigurationName = Release;
		};
/* End XCConfigurationList section */
	};
	rootObject = 67E0BBFD20CDE65200C90F75 /* Project object */;
}
